
Microsoft Visual Studio Solution File, Format Version 12.00
# Visual Studio 14
VisualStudioVersion = 14.0.23107.0
MinimumVisualStudioVersion = 10.0.40219.1
Project("{FAE04EC0-301F-11D3-BF4B-00C04F79EFBC}") = "kırmızı nesne yakalama", "WindowsFormsApplication12\kırmızı nesne yakalama.csproj", "{1CDEA32C-55BC-4010-A478-16061477E0DC}"
EndProject
Global
	GlobalSection(SolutionConfigurationPlatforms) = preSolution
		Debug|Any CPU = Debug|Any CPU
		Release|Any CPU = Release|Any CPU
	EndGlobalSection
	GlobalSection(ProjectConfigurationPlatforms) = postSolution
		{1CDEA32C-55BC-4010-A478-16061477E0DC}.Debug|Any CPU.ActiveCfg = Debug|Any CPU
		{1CDEA32C-55BC-4010-A478-16061477E0DC}.Debug|Any CPU.Build.0 = Debug|Any CPU
		{1CDEA32C-55BC-4010-A478-16061477E0DC}.Release|Any CPU.ActiveCfg = Release|Any CPU
		{1CDEA32C-55BC-4010-A478-16061477E0DC}.Release|Any CPU.Build.0 = Release|Any CPU
	EndGlobalSection
	GlobalSection(SolutionProperties) = preSolution
		HideSolutionNode = FALSE
	EndGlobalSection
EndGlobal
